
Microsoft Visual Studio Solution File, Format Version 11.00
# Visual Studio 2010
Project("{F14B399A-7131-4C87-9E4B-1186C45EF12D}") = "Signet Maritime", "Signet Maritime\Signet Maritime.rptproj", "{274FE2D0-F566-44A8-AA56-DCFBBB570166}"
EndProject
Global
	GlobalSection(SolutionConfigurationPlatforms) = preSolution
		Debug|Default = Debug|Default
		DebugLocal|Default = DebugLocal|Default
		Release|Default = Release|Default
	EndGlobalSection
	GlobalSection(ProjectConfigurationPlatforms) = postSolution
		{274FE2D0-F566-44A8-AA56-DCFBBB570166}.Debug|Default.ActiveCfg = Debug
		{274FE2D0-F566-44A8-AA56-DCFBBB570166}.Debug|Default.Build.0 = DebugLocal
		{274FE2D0-F566-44A8-AA56-DCFBBB570166}.Debug|Default.Deploy.0 = DebugLocal
		{274FE2D0-F566-44A8-AA56-DCFBBB570166}.DebugLocal|Default.ActiveCfg = DebugLocal
		{274FE2D0-F566-44A8-AA56-DCFBBB570166}.DebugLocal|Default.Build.0 = DebugLocal
		{274FE2D0-F566-44A8-AA56-DCFBBB570166}.Release|Default.ActiveCfg = Release
		{274FE2D0-F566-44A8-AA56-DCFBBB570166}.Release|Default.Build.0 = Release
		{274FE2D0-F566-44A8-AA56-DCFBBB570166}.Release|Default.Deploy.0 = Release
	EndGlobalSection
	GlobalSection(SolutionProperties) = preSolution
		HideSolutionNode = FALSE
	EndGlobalSection
EndGlobal
